
Microsoft Visual Studio Solution File, Format Version 12.00
# Visual Studio Version 17
VisualStudioVersion = 17.11.35222.181
MinimumVisualStudioVersion = 10.0.40219.1
Project("{FAE04EC0-301F-11D3-BF4B-00C04F79EFBC}") = "Facebook.API", "Facebook.API\Facebook.API.csproj", "{5A25BF5D-10BC-4AE1-B7C3-FD8E46BA0A4F}"
EndProject
Project("{FAE04EC0-301F-11D3-BF4B-00C04F79EFBC}") = "Facebook.Domain", "Facebook.Domain\Facebook.Domain.csproj", "{AEF33A68-8192-471C-ADA1-B84CEB6E366D}"
EndProject
Project("{FAE04EC0-301F-11D3-BF4B-00C04F79EFBC}") = "Facebook.Infrastructure", "Facebook.Infrastructure\Facebook.Infrastructure.csproj", "{626DAEC5-2E93-48AF-830E-9E01EAF19091}"
EndProject
Project("{FAE04EC0-301F-11D3-BF4B-00C04F79EFBC}") = "Facebook.Application", "Facebook.Application\Facebook.Application.csproj", "{90C43A0A-9B63-4A16-8BB2-8D434CA129AA}"
EndProject
Global
	GlobalSection(SolutionConfigurationPlatforms) = preSolution
		Debug|Any CPU = Debug|Any CPU
		Release|Any CPU = Release|Any CPU
	EndGlobalSection
	GlobalSection(ProjectConfigurationPlatforms) = postSolution
		{5A25BF5D-10BC-4AE1-B7C3-FD8E46BA0A4F}.Debug|Any CPU.ActiveCfg = Debug|Any CPU
		{5A25BF5D-10BC-4AE1-B7C3-FD8E46BA0A4F}.Debug|Any CPU.Build.0 = Debug|Any CPU
		{5A25BF5D-10BC-4AE1-B7C3-FD8E46BA0A4F}.Release|Any CPU.ActiveCfg = Release|Any CPU
		{5A25BF5D-10BC-4AE1-B7C3-FD8E46BA0A4F}.Release|Any CPU.Build.0 = Release|Any CPU
		{AEF33A68-8192-471C-ADA1-B84CEB6E366D}.Debug|Any CPU.ActiveCfg = Debug|Any CPU
		{AEF33A68-8192-471C-ADA1-B84CEB6E366D}.Debug|Any CPU.Build.0 = Debug|Any CPU
		{AEF33A68-8192-471C-ADA1-B84CEB6E366D}.Release|Any CPU.ActiveCfg = Release|Any CPU
		{AEF33A68-8192-471C-ADA1-B84CEB6E366D}.Release|Any CPU.Build.0 = Release|Any CPU
		{626DAEC5-2E93-48AF-830E-9E01EAF19091}.Debug|Any CPU.ActiveCfg = Debug|Any CPU
		{626DAEC5-2E93-48AF-830E-9E01EAF19091}.Debug|Any CPU.Build.0 = Debug|Any CPU
		{626DAEC5-2E93-48AF-830E-9E01EAF19091}.Release|Any CPU.ActiveCfg = Release|Any CPU
		{626DAEC5-2E93-48AF-830E-9E01EAF19091}.Release|Any CPU.Build.0 = Release|Any CPU
		{90C43A0A-9B63-4A16-8BB2-8D434CA129AA}.Debug|Any CPU.ActiveCfg = Debug|Any CPU
		{90C43A0A-9B63-4A16-8BB2-8D434CA129AA}.Debug|Any CPU.Build.0 = Debug|Any CPU
		{90C43A0A-9B63-4A16-8BB2-8D434CA129AA}.Release|Any CPU.ActiveCfg = Release|Any CPU
		{90C43A0A-9B63-4A16-8BB2-8D434CA129AA}.Release|Any CPU.Build.0 = Release|Any CPU
	EndGlobalSection
	GlobalSection(SolutionProperties) = preSolution
		HideSolutionNode = FALSE
	EndGlobalSection
	GlobalSection(ExtensibilityGlobals) = postSolution
		SolutionGuid = {FCA73BA7-F863-413E-A63F-D26B107EC72D}
	EndGlobalSection
EndGlobal
